
Microsoft Visual Studio Solution File, Format Version 12.00
# Visual Studio 15
VisualStudioVersion = 15.0.27703.2000
MinimumVisualStudioVersion = 10.0.40219.1
Project("{8BC9CEB8-8B4A-11D0-8D11-00A0C91BC942}") = "demomfc", "demomfc\demomfc.vcxproj", "{012D652F-C506-4F6A-A8DB-38770A3534D5}"
EndProject
Global
	GlobalSection(SolutionConfigurationPlatforms) = preSolution
		Debug|x64 = Debug|x64
		Debug|x86 = Debug|x86
		Release|x64 = Release|x64
		Release|x86 = Release|x86
	EndGlobalSection
	GlobalSection(ProjectConfigurationPlatforms) = postSolution
		{012D652F-C506-4F6A-A8DB-38770A3534D5}.Debug|x64.ActiveCfg = Debug|x64
		{012D652F-C506-4F6A-A8DB-38770A3534D5}.Debug|x64.Build.0 = Debug|x64
		{012D652F-C506-4F6A-A8DB-38770A3534D5}.Debug|x86.ActiveCfg = Debug|Win32
		{012D652F-C506-4F6A-A8DB-38770A3534D5}.Debug|x86.Build.0 = Debug|Win32
		{012D652F-C506-4F6A-A8DB-38770A3534D5}.Release|x64.ActiveCfg = Release|x64
		{012D652F-C506-4F6A-A8DB-38770A3534D5}.Release|x64.Build.0 = Release|x64
		{012D652F-C506-4F6A-A8DB-38770A3534D5}.Release|x86.ActiveCfg = Release|Win32
		{012D652F-C506-4F6A-A8DB-38770A3534D5}.Release|x86.Build.0 = Release|Win32
	EndGlobalSection
	GlobalSection(SolutionProperties) = preSolution
		HideSolutionNode = FALSE
	EndGlobalSection
	GlobalSection(ExtensibilityGlobals) = postSolution
		SolutionGuid = {1C5D0EC3-5529-4A08-BAEA-C697AFD76182}
	EndGlobalSection
EndGlobal
